{
  "originHash" : "063ba8ca61ca00fe0023f895d976fdb817b8ddc8090f866325266f6c120180d6",
  "pins" : [
    {
      "identity" : "sparkle",
      "kind" : "remoteSourceControl",
      "location" : "https://github.com/sparkle-project/Sparkle",
      "state" : {
        "revision" : "ac2def288cbff5cfc7df3ffef6abdf45b72bcb0a",
        "version" : "2.9.6"
      }
    },
    {
      "identity" : "sweetcookiekit",
      "kind" : "remoteSourceControl",
      "location" : "https://github.com/steipete/SweetCookieKit",
      "state" : {
        "revision" : "d5ea6d92298779ec0c3ddf7d3d99da186a305e14",
        "version" : "0.5.2"
      }
    }
  ],
  "version" : 3
}
