{
  "originHash" : "f3dd57b0e11e2be2e24067184637badec98bb558278ddb8f63e141abec5c17a4",
  "pins" : [
    {
      "identity" : "sparkle",
      "kind" : "remoteSourceControl",
      "location" : "https://github.com/sparkle-project/Sparkle",
      "state" : {
        "revision" : "eef1a539a373c1f1a320624b1130fc5de7b2e100",
        "version" : "2.10.0"
      }
    },
    {
      "identity" : "sweetcookiekit",
      "kind" : "remoteSourceControl",
      "location" : "https://github.com/steipete/SweetCookieKit",
      "state" : {
        "revision" : "aa9fbefd7d4fb6335a3cd71fd6210f9a35535185",
        "version" : "0.5.3"
      }
    }
  ],
  "version" : 3
}
